
Microsoft Visual Studio Solution File, Format Version 12.00
# Visual Studio Version 16
VisualStudioVersion = 16.0.31112.23
MinimumVisualStudioVersion = 10.0.40219.1
Project("{FAE04EC0-301F-11D3-BF4B-00C04F79EFBC}") = "Deserealizador de cuotas de tarjetas", "Deserealizador de cuotas de tarjetas\Deserealizador de cuotas de tarjetas.csproj", "{F4AD0498-39AF-4ED9-B888-BB8BB2C80AD7}"
EndProject
Global
	GlobalSection(SolutionConfigurationPlatforms) = preSolution
		Debug|Any CPU = Debug|Any CPU
		Release|Any CPU = Release|Any CPU
	EndGlobalSection
	GlobalSection(ProjectConfigurationPlatforms) = postSolution
		{F4AD0498-39AF-4ED9-B888-BB8BB2C80AD7}.Debug|Any CPU.ActiveCfg = Debug|Any CPU
		{F4AD0498-39AF-4ED9-B888-BB8BB2C80AD7}.Debug|Any CPU.Build.0 = Debug|Any CPU
		{F4AD0498-39AF-4ED9-B888-BB8BB2C80AD7}.Release|Any CPU.ActiveCfg = Release|Any CPU
		{F4AD0498-39AF-4ED9-B888-BB8BB2C80AD7}.Release|Any CPU.Build.0 = Release|Any CPU
	EndGlobalSection
	GlobalSection(SolutionProperties) = preSolution
		HideSolutionNode = FALSE
	EndGlobalSection
	GlobalSection(ExtensibilityGlobals) = postSolution
		SolutionGuid = {B600510D-B8E0-4EE7-BC60-672543D47194}
	EndGlobalSection
EndGlobal
